<?xml version="1.0" encoding="utf-8"?>
<Project ToolsVersion="4.0" xmlns="http://schemas.microsoft.com/developer/msbuild/2003">
  <ItemGroup>
    <Filter Include="Source Files">
      <UniqueIdentifier>{4FC737F1-C7A5-4376-A066-2A32D752A2FF}</UniqueIdentifier>
      <Extensions>cpp;c;cc;cxx;c++;def;odl;idl;hpj;bat;asm;asmx</Extensions>
    </Filter>
    <Filter Include="Header Files">
      <UniqueIdentifier>{93995380-89BD-4b04-88EB-625FBE52EBFB}</UniqueIdentifier>
      <Extensions>h;hh;hpp;hxx;h++;hm;inl;inc;ipp;xsd</Extensions>
    </Filter>
    <Filter Include="Resource Files">
      <UniqueIdentifier>{67DA6AB6-F800-4c08-8B7A-83BB121AAD01}</UniqueIdentifier>
      <Extensions>rc;ico;cur;bmp;dlg;rc2;rct;bin;rgs;gif;jpg;jpeg;jpe;resx;tiff;tif;png;wav;mfcribbon-ms</Extensions>
    </Filter>
    <Filter Include="Header Files\Variables">
      <UniqueIdentifier>{0b52068b-9397-404a-82e4-64a7129acf43}</UniqueIdentifier>
    </Filter>
    <Filter Include="Source Files\Variables">
      <UniqueIdentifier>{b05beea8-aae5-48d3-ac06-9c9f326bafa6}</UniqueIdentifier>
    </Filter>
    <Filter Include="Header Files\CodeStatements">
      <UniqueIdentifier>{00d3317d-a9ee-44bd-a74e-8eb03f51ad0e}</UniqueIdentifier>
    </Filter>
    <Filter Include="Source Files\CodeStatements">
      <UniqueIdentifier>{9fb87b8b-3094-4c44-8ca5-da32dba7aa97}</UniqueIdentifier>
    </Filter>
    <Filter Include="Header Files\Expressions">
      <UniqueIdentifier>{428b926f-bd97-4420-b2cb-ad9a147373e5}</UniqueIdentifier>
    </Filter>
    <Filter Include="Source Files\Expressions">
      <UniqueIdentifier>{69b26f34-35d9-4246-a462-1fc5f17f9bfe}</UniqueIdentifier>
    </Filter>
  </ItemGroup>
  <ItemGroup>
    <ClCompile Include="main.cpp">
      <Filter>Source Files</Filter>
    </ClCompile>
    <ClCompile Include="Scope.cpp">
      <Filter>Source Files</Filter>
    </ClCompile>
    <ClCompile Include="Mysterious.cpp">
      <Filter>Source Files\Variables</Filter>
    </ClCompile>
    <ClCompile Include="Boolean.cpp">
      <Filter>Source Files\Variables</Filter>
    </ClCompile>
    <ClCompile Include="Null.cpp">
      <Filter>Source Files\Variables</Filter>
    </ClCompile>
    <ClCompile Include="Number.cpp">
      <Filter>Source Files\Variables</Filter>
    </ClCompile>
    <ClCompile Include="String.cpp">
      <Filter>Source Files\Variables</Filter>
    </ClCompile>
    <ClCompile Include="InterpeterException.cpp">
      <Filter>Source Files</Filter>
    </ClCompile>
    <ClCompile Include="Constant.cpp">
      <Filter>Source Files\Expressions</Filter>
    </ClCompile>
    <ClCompile Include="AssignStatement.cpp">
      <Filter>Source Files\CodeStatements</Filter>
    </ClCompile>
    <ClCompile Include="RunTime.cpp">
      <Filter>Source Files</Filter>
    </ClCompile>
    <ClCompile Include="VariableName.cpp">
      <Filter>Source Files\Expressions</Filter>
    </ClCompile>
  </ItemGroup>
  <ItemGroup>
    <ClInclude Include="Scope.h">
      <Filter>Header Files</Filter>
    </ClInclude>
    <ClInclude Include="IVariable.h">
      <Filter>Header Files\Variables</Filter>
    </ClInclude>
    <ClInclude Include="Mysterious.h">
      <Filter>Header Files\Variables</Filter>
    </ClInclude>
    <ClInclude Include="Boolean.h">
      <Filter>Header Files\Variables</Filter>
    </ClInclude>
    <ClInclude Include="Null.h">
      <Filter>Header Files\Variables</Filter>
    </ClInclude>
    <ClInclude Include="Number.h">
      <Filter>Header Files\Variables</Filter>
    </ClInclude>
    <ClInclude Include="String.h">
      <Filter>Header Files\Variables</Filter>
    </ClInclude>
    <ClInclude Include="ICodeBlock.h">
      <Filter>Header Files\CodeStatements</Filter>
    </ClInclude>
    <ClInclude Include="IExpression.h">
      <Filter>Header Files\Expressions</Filter>
    </ClInclude>
    <ClInclude Include="VariableTypes.h">
      <Filter>Header Files\Variables</Filter>
    </ClInclude>
    <ClInclude Include="InterpeterException.h">
      <Filter>Header Files</Filter>
    </ClInclude>
    <ClInclude Include="Constant.h">
      <Filter>Header Files\Expressions</Filter>
    </ClInclude>
    <ClInclude Include="AssignStatement.h">
      <Filter>Header Files\CodeStatements</Filter>
    </ClInclude>
    <ClInclude Include="RunTime.h">
      <Filter>Header Files</Filter>
    </ClInclude>
    <ClInclude Include="VariableName.h">
      <Filter>Header Files\Expressions</Filter>
    </ClInclude>
  </ItemGroup>
  <ItemGroup>
    <Xml Include="RockstarDefs.xml">
      <Filter>Resource Files</Filter>
    </Xml>
  </ItemGroup>
  <ItemGroup>
    <None Include="ClassDiagram.cd" />
  </ItemGroup>
</Project>